
Microsoft Visual Studio Solution File, Format Version 12.00
# Visual Studio Version 16
VisualStudioVersion = 16.0.30503.244
MinimumVisualStudioVersion = 10.0.40219.1
Project("{FAE04EC0-301F-11D3-BF4B-00C04F79EFBC}") = "DevStandartControl", "DevStandartControl\DevStandartControl.csproj", "{47E3876A-57B4-42D0-BEC2-522BF64BB5B7}"
EndProject
Global
	GlobalSection(SolutionConfigurationPlatforms) = preSolution
		Debug|Any CPU = Debug|Any CPU
		Release|Any CPU = Release|Any CPU
	EndGlobalSection
	GlobalSection(ProjectConfigurationPlatforms) = postSolution
		{47E3876A-57B4-42D0-BEC2-522BF64BB5B7}.Debug|Any CPU.ActiveCfg = Debug|Any CPU
		{47E3876A-57B4-42D0-BEC2-522BF64BB5B7}.Debug|Any CPU.Build.0 = Debug|Any CPU
		{47E3876A-57B4-42D0-BEC2-522BF64BB5B7}.Release|Any CPU.ActiveCfg = Release|Any CPU
		{47E3876A-57B4-42D0-BEC2-522BF64BB5B7}.Release|Any CPU.Build.0 = Release|Any CPU
	EndGlobalSection
	GlobalSection(SolutionProperties) = preSolution
		HideSolutionNode = FALSE
	EndGlobalSection
	GlobalSection(ExtensibilityGlobals) = postSolution
		SolutionGuid = {82EED97B-C70B-413E-8897-13866AAAEEFF}
	EndGlobalSection
EndGlobal
